
Microsoft Visual Studio Solution File, Format Version 12.00
# Visual Studio 2015
Project("{FAE04EC0-301F-11D3-BF4B-00C04F79EFBC}") = "FightMania", "FightMania.csproj", "{D61042F0-D8C1-26C6-FC58-F24410657F8F}"
EndProject
Project("{FAE04EC0-301F-11D3-BF4B-00C04F79EFBC}") = "FightMania.Editor", "FightMania.Editor.csproj", "{7BA3BD70-0247-FF1B-F2AF-5CAC906847F6}"
EndProject
Global
	GlobalSection(SolutionConfigurationPlatforms) = preSolution
		Debug|Any CPU = Debug|Any CPU
		Release|Any CPU = Release|Any CPU
	EndGlobalSection
	GlobalSection(ProjectConfigurationPlatforms) = postSolution
		{D61042F0-D8C1-26C6-FC58-F24410657F8F}.Debug|Any CPU.ActiveCfg = Debug|Any CPU
		{D61042F0-D8C1-26C6-FC58-F24410657F8F}.Debug|Any CPU.Build.0 = Debug|Any CPU
		{D61042F0-D8C1-26C6-FC58-F24410657F8F}.Release|Any CPU.ActiveCfg = Release|Any CPU
		{D61042F0-D8C1-26C6-FC58-F24410657F8F}.Release|Any CPU.Build.0 = Release|Any CPU
		{7BA3BD70-0247-FF1B-F2AF-5CAC906847F6}.Debug|Any CPU.ActiveCfg = Debug|Any CPU
		{7BA3BD70-0247-FF1B-F2AF-5CAC906847F6}.Debug|Any CPU.Build.0 = Debug|Any CPU
		{7BA3BD70-0247-FF1B-F2AF-5CAC906847F6}.Release|Any CPU.ActiveCfg = Release|Any CPU
		{7BA3BD70-0247-FF1B-F2AF-5CAC906847F6}.Release|Any CPU.Build.0 = Release|Any CPU
	EndGlobalSection
	GlobalSection(SolutionProperties) = preSolution
		HideSolutionNode = FALSE
	EndGlobalSection
EndGlobal
